{
  "requires": true,
  "lockfileVersion": 1,
  "dependencies": {
    "@types/d3-color": {
      "version": "1.0.5",
      "resolved": "https://registry.npmjs.org/@types/d3-color/-/d3-color-1.0.5.tgz",
      "integrity": "sha1-ytdV8Pxt57cPpuXgivqB70wiSN4=",
      "dev": true
    },
    "@types/d3-interpolate": {
      "version": "1.1.6",
      "resolved": "https://registry.npmjs.org/@types/d3-interpolate/-/d3-interpolate-1.1.6.tgz",
      "integrity": "sha1-ZAQbFcnAMsNI2hsiuqvFn6TRYTY=",
      "dev": true,
      "requires": {
        "@types/d3-color": "1.0.5"
      }
    },
    "d3-color": {
      "version": "1.0.3",
      "resolved": "https://registry.npmjs.org/d3-color/-/d3-color-1.0.3.tgz",
      "integrity": "sha1-vHZD/KjlOoNH4vva/6I2eWtYUJs="
    },
    "d3-interpolate": {
      "version": "1.1.6",
      "resolved": "https://registry.npmjs.org/d3-interpolate/-/d3-interpolate-1.1.6.tgz",
      "integrity": "sha512-mOnv5a+pZzkNIHtw/V6I+w9Lqm9L5bG3OTXPM5A+QO0yyVMQ4W1uZhR+VOJmazaOZXri2ppbiZ5BUNWT0pFM9A==",
      "requires": {
        "d3-color": "1.0.3"
      }
    }
  }
}
